
Microsoft Visual Studio Solution File, Format Version 12.00
# Visual Studio Version 16
VisualStudioVersion = 16.0.29806.167
MinimumVisualStudioVersion = 10.0.40219.1
Project("{8BC9CEB8-8B4A-11D0-8D11-00A0C91BC942}") = "Pacman1.1", "PacmanCpp\PacmanCpp.vcxproj", "{130D199C-6165-41C6-ACC2-79D62EA98FE8}"
EndProject
Global
	GlobalSection(SolutionConfigurationPlatforms) = preSolution
		Debug|x64 = Debug|x64
		Debug|x86 = Debug|x86
		Release|x64 = Release|x64
		Release|x86 = Release|x86
	EndGlobalSection
	GlobalSection(ProjectConfigurationPlatforms) = postSolution
		{130D199C-6165-41C6-ACC2-79D62EA98FE8}.Debug|x64.ActiveCfg = Debug|x64
		{130D199C-6165-41C6-ACC2-79D62EA98FE8}.Debug|x64.Build.0 = Debug|x64
		{130D199C-6165-41C6-ACC2-79D62EA98FE8}.Debug|x86.ActiveCfg = Debug|Win32
		{130D199C-6165-41C6-ACC2-79D62EA98FE8}.Debug|x86.Build.0 = Debug|Win32
		{130D199C-6165-41C6-ACC2-79D62EA98FE8}.Release|x64.ActiveCfg = Release|x64
		{130D199C-6165-41C6-ACC2-79D62EA98FE8}.Release|x64.Build.0 = Release|x64
		{130D199C-6165-41C6-ACC2-79D62EA98FE8}.Release|x86.ActiveCfg = Release|Win32
		{130D199C-6165-41C6-ACC2-79D62EA98FE8}.Release|x86.Build.0 = Release|Win32
	EndGlobalSection
	GlobalSection(SolutionProperties) = preSolution
		HideSolutionNode = FALSE
	EndGlobalSection
	GlobalSection(ExtensibilityGlobals) = postSolution
		SolutionGuid = {9384C3C3-7ADC-414A-B170-C9F960EB8643}
	EndGlobalSection
EndGlobal
